<Solution>
  <Folder Name="/01 - Core/">
    <Project Path="TenjinX.Mappers/TenjinX.Mappers.csproj" Id="3f8ba3b3-448c-47c0-8cde-fceb63dc2b49" />
  </Folder>
  <Folder Name="/02 - Tests/">
    <Project Path="TenjinX.Mappers.Tests/TenjinX.Mappers.Tests.csproj" Id="35dec8b7-aee7-4d54-b13b-6b1fbd6776a6" />
  </Folder>
</Solution>
